
Microsoft Visual Studio Solution File, Format Version 12.00
# Visual Studio Version 16
VisualStudioVersion = 16.0.28922.388
MinimumVisualStudioVersion = 10.0.40219.1
Project("{FAE04EC0-301F-11D3-BF4B-00C04F79EFBC}") = "StatsRoyale.SeleniumTests", "StatsRoyale.SeleniumTests\StatsRoyale.SeleniumTests.csproj", "{27056D66-5320-4A6C-A9C0-B5EEE4D98DE8}"
EndProject
Project("{FAE04EC0-301F-11D3-BF4B-00C04F79EFBC}") = "StatsRoyale.SeleniumFramework", "StatsRoyale.SeleniumFramework\StatsRoyale.SeleniumFramework.csproj", "{507117F6-622D-4737-8189-C58440AFA5EA}"
EndProject
Global
	GlobalSection(SolutionConfigurationPlatforms) = preSolution
		Debug|Any CPU = Debug|Any CPU
		Release|Any CPU = Release|Any CPU
	EndGlobalSection
	GlobalSection(ProjectConfigurationPlatforms) = postSolution
		{27056D66-5320-4A6C-A9C0-B5EEE4D98DE8}.Debug|Any CPU.ActiveCfg = Debug|Any CPU
		{27056D66-5320-4A6C-A9C0-B5EEE4D98DE8}.Debug|Any CPU.Build.0 = Debug|Any CPU
		{27056D66-5320-4A6C-A9C0-B5EEE4D98DE8}.Release|Any CPU.ActiveCfg = Release|Any CPU
		{27056D66-5320-4A6C-A9C0-B5EEE4D98DE8}.Release|Any CPU.Build.0 = Release|Any CPU
		{507117F6-622D-4737-8189-C58440AFA5EA}.Debug|Any CPU.ActiveCfg = Debug|Any CPU
		{507117F6-622D-4737-8189-C58440AFA5EA}.Debug|Any CPU.Build.0 = Debug|Any CPU
		{507117F6-622D-4737-8189-C58440AFA5EA}.Release|Any CPU.ActiveCfg = Release|Any CPU
		{507117F6-622D-4737-8189-C58440AFA5EA}.Release|Any CPU.Build.0 = Release|Any CPU
	EndGlobalSection
	GlobalSection(SolutionProperties) = preSolution
		HideSolutionNode = FALSE
	EndGlobalSection
	GlobalSection(ExtensibilityGlobals) = postSolution
		SolutionGuid = {BAF0999A-65BC-4788-AAFA-931120DB2400}
	EndGlobalSection
EndGlobal
